// !$*UTF8*$!
{
	archiveVersion = 1;
	classes = {
	};
	objectVersion = 46;
	objects = {

/* Begin PBXBuildFile section */
		85C57E151FAB8B7200616666 /* AppDelegate.swift in Sources */ = {isa = PBXBuildFile; fileRef = 85C57E141FAB8B7200616666 /* AppDelegate.swift */; };
		85C57E171FAB8B7200616666 /* ViewController.swift in Sources */ = {isa = PBXBuildFile; fileRef = 85C57E161FAB8B7200616666 /* ViewController.swift */; };
		85C57E1A1FAB8B7200616666 /* Main.storyboard in Resources */ = {isa = PBXBuildFile; fileRef = 85C57E181FAB8B7200616666 /* Main.storyboard */; };
		85C57E1D1FAB8B7200616666 /* CAShapeLayerDemo.xcdatamodeld in Sources */ = {isa = PBXBuildFile; fileRef = 85C57E1B1FAB8B7200616666 /* CAShapeLayerDemo.xcdatamodeld */; };
		85C57E1F1FAB8B7200616666 /* Assets.xcassets in Resources */ = {isa = PBXBuildFile; fileRef = 85C57E1E1FAB8B7200616666 /* Assets.xcassets */; };
		85C57E221FAB8B7200616666 /* LaunchScreen.storyboard in Resources */ = {isa = PBXBuildFile; fileRef = 85C57E201FAB8B7200616666 /* LaunchScreen.storyboard */; };
		85C57E2D1FAB8B7200616666 /* CAShapeLayerDemoTests.swift in Sources */ = {isa = PBXBuildFile; fileRef = 85C57E2C1FAB8B7200616666 /* CAShapeLayerDemoTests.swift */; };
		85C57E381FAB8B7200616666 /* CAShapeLayerDemoUITests.swift in Sources */ = {isa = PBXBuildFile; fileRef = 85C57E371FAB8B7200616666 /* CAShapeLayerDemoUITests.swift */; };
/* End PBXBuildFile section */

/* Begin PBXContainerItemProxy section */
		85C57E291FAB8B7200616666 /* PBXContainerItemProxy */ = {
			isa = PBXContainerItemProxy;
			containerPortal = 85C57E091FAB8B7200616666 /* Project object */;
			proxyType = 1;
			remoteGlobalIDString = 85C57E101FAB8B7200616666;
			remoteInfo = CAShapeLayerDemo;
		};
		85C57E341FAB8B7200616666 /* PBXContainerItemProxy */ = {
			isa = PBXContainerItemProxy;
			containerPortal = 85C57E091FAB8B7200616666 /* Project object */;
			proxyType = 1;
			remoteGlobalIDString = 85C57E101FAB8B7200616666;
			remoteInfo = CAShapeLayerDemo;
		};
/* End PBXContainerItemProxy section */

/* Begin PBXFileReference section */
		85C57E111FAB8B7200616666 /* CAShapeLayerDemo.app */ = {isa = PBXFileReference; explicitFileType = wrapper.application; includeInIndex = 0; path = CAShapeLayerDemo.app; sourceTree = BUILT_PRODUCTS_DIR; };
		85C57E141FAB8B7200616666 /* AppDelegate.swift */ = {isa = PBXFileReference; lastKnownFileType = sourcecode.swift; path = AppDelegate.swift; sourceTree = "<group>"; };
		85C57E161FAB8B7200616666 /* ViewController.swift */ = {isa = PBXFileReference; lastKnownFileType = sourcecode.swift; path = ViewController.swift; sourceTree = "<group>"; };
		85C57E191FAB8B7200616666 /* Base */ = {isa = PBXFileReference; lastKnownFileType = file.storyboard; name = Base; path = Base.lproj/Main.storyboard; sourceTree = "<group>"; };
		85C57E1C1FAB8B7200616666 /* CAShapeLayerDemo.xcdatamodel */ = {isa = PBXFileReference; lastKnownFileType = wrapper.xcdatamodel; path = CAShapeLayerDemo.xcdatamodel; sourceTree = "<group>"; };
		85C57E1E1FAB8B7200616666 /* Assets.xcassets */ = {isa = PBXFileReference; lastKnownFileType = folder.assetcatalog; path = Assets.xcassets; sourceTree = "<group>"; };
		85C57E211FAB8B7200616666 /* Base */ = {isa = PBXFileReference; lastKnownFileType = file.storyboard; name = Base; path = Base.lproj/LaunchScreen.storyboard; sourceTree = "<group>"; };
		85C57E231FAB8B7200616666 /* Info.plist */ = {isa = PBXFileReference; lastKnownFileType = text.plist.xml; path = Info.plist; sourceTree = "<group>"; };
		85C57E281FAB8B7200616666 /* CAShapeLayerDemoTests.xctest */ = {isa = PBXFileReference; explicitFileType = wrapper.cfbundle; includeInIndex = 0; path = CAShapeLayerDemoTests.xctest; sourceTree = BUILT_PRODUCTS_DIR; };
		85C57E2C1FAB8B7200616666 /* CAShapeLayerDemoTests.swift */ = {isa = PBXFileReference; lastKnownFileType = sourcecode.swift; path = CAShapeLayerDemoTests.swift; sourceTree = "<group>"; };
		85C57E2E1FAB8B7200616666 /* Info.plist */ = {isa = PBXFileReference; lastKnownFileType = text.plist.xml; path = Info.plist; sourceTree = "<group>"; };
		85C57E331FAB8B7200616666 /* CAShapeLayerDemoUITests.xctest */ = {isa = PBXFileReference; explicitFileType = wrapper.cfbundle; includeInIndex = 0; path = CAShapeLayerDemoUITests.xctest; sourceTree = BUILT_PRODUCTS_DIR; };
		85C57E371FAB8B7200616666 /* CAShapeLayerDemoUITests.swift */ = {isa = PBXFileReference; lastKnownFileType = sourcecode.swift; path = CAShapeLayerDemoUITests.swift; sourceTree = "<group>"; };
		85C57E391FAB8B7200616666 /* Info.plist */ = {isa = PBXFileReference; lastKnownFileType = text.plist.xml; path = Info.plist; sourceTree = "<group>"; };
/* End PBXFileReference section */

/* Begin PBXFrameworksBuildPhase section */
		85C57E0E1FAB8B7200616666 /* Frameworks */ = {
			isa = PBXFrameworksBuildPhase;
			buildActionMask = 2147483647;
			files = (
			);
			runOnlyForDeploymentPostprocessing = 0;
		};
		85C57E251FAB8B7200616666 /* Frameworks */ = {
			isa = PBXFrameworksBuildPhase;
			buildActionMask = 2147483647;
			files = (
			);
			runOnlyForDeploymentPostprocessing = 0;
		};
		85C57E301FAB8B7200616666 /* Frameworks */ = {
			isa = PBXFrameworksBuildPhase;
			buildActionMask = 2147483647;
			files = (
			);
			runOnlyForDeploymentPostprocessing = 0;
		};
/* End PBXFrameworksBuildPhase section */

/* Begin PBXGroup section */
		85C57E081FAB8B7200616666 = {
			isa = PBXGroup;
			children = (
				85C57E131FAB8B7200616666 /* CAShapeLayerDemo */,
				85C57E2B1FAB8B7200616666 /* CAShapeLayerDemoTests */,
				85C57E361FAB8B7200616666 /* CAShapeLayerDemoUITests */,
				85C57E121FAB8B7200616666 /* Products */,
			);
			sourceTree = "<group>";
		};
		85C57E121FAB8B7200616666 /* Products */ = {
			isa = PBXGroup;
			children = (
				85C57E111FAB8B7200616666 /* CAShapeLayerDemo.app */,
				85C57E281FAB8B7200616666 /* CAShapeLayerDemoTests.xctest */,
				85C57E331FAB8B7200616666 /* CAShapeLayerDemoUITests.xctest */,
			);
			name = Products;
			sourceTree = "<group>";
		};
		85C57E131FAB8B7200616666 /* CAShapeLayerDemo */ = {
			isa = PBXGroup;
			children = (
				85C57E141FAB8B7200616666 /* AppDelegate.swift */,
				85C57E161FAB8B7200616666 /* ViewController.swift */,
				85C57E181FAB8B7200616666 /* Main.storyboard */,
				85C57E1E1FAB8B7200616666 /* Assets.xcassets */,
				85C57E201FAB8B7200616666 /* LaunchScreen.storyboard */,
				85C57E231FAB8B7200616666 /* Info.plist */,
				85C57E1B1FAB8B7200616666 /* CAShapeLayerDemo.xcdatamodeld */,
			);
			path = CAShapeLayerDemo;
			sourceTree = "<group>";
		};
		85C57E2B1FAB8B7200616666 /* CAShapeLayerDemoTests */ = {
			isa = PBXGroup;
			children = (
				85C57E2C1FAB8B7200616666 /* CAShapeLayerDemoTests.swift */,
				85C57E2E1FAB8B7200616666 /* Info.plist */,
			);
			path = CAShapeLayerDemoTests;
			sourceTree = "<group>";
		};
		85C57E361FAB8B7200616666 /* CAShapeLayerDemoUITests */ = {
			isa = PBXGroup;
			children = (
				85C57E371FAB8B7200616666 /* CAShapeLayerDemoUITests.swift */,
				85C57E391FAB8B7200616666 /* Info.plist */,
			);
			path = CAShapeLayerDemoUITests;
			sourceTree = "<group>";
		};
/* End PBXGroup section */

/* Begin PBXNativeTarget section */
		85C57E101FAB8B7200616666 /* CAShapeLayerDemo */ = {
			isa = PBXNativeTarget;
			buildConfigurationList = 85C57E3C1FAB8B7200616666 /* Build configuration list for PBXNativeTarget "CAShapeLayerDemo" */;
			buildPhases = (
				85C57E0D1FAB8B7200616666 /* Sources */,
				85C57E0E1FAB8B7200616666 /* Frameworks */,
				85C57E0F1FAB8B7200616666 /* Resources */,
			);
			buildRules = (
			);
			dependencies = (
			);
			name = CAShapeLayerDemo;
			productName = CAShapeLayerDemo;
			productReference = 85C57E111FAB8B7200616666 /* CAShapeLayerDemo.app */;
			productType = "com.apple.product-type.application";
		};
		85C57E271FAB8B7200616666 /* CAShapeLayerDemoTests */ = {
			isa = PBXNativeTarget;
			buildConfigurationList = 85C57E3F1FAB8B7200616666 /* Build configuration list for PBXNativeTarget "CAShapeLayerDemoTests" */;
			buildPhases = (
				85C57E241FAB8B7200616666 /* Sources */,
				85C57E251FAB8B7200616666 /* Frameworks */,
				85C57E261FAB8B7200616666 /* Resources */,
			);
			buildRules = (
			);
			dependencies = (
				85C57E2A1FAB8B7200616666 /* PBXTargetDependency */,
			);
			name = CAShapeLayerDemoTests;
			productName = CAShapeLayerDemoTests;
			productReference = 85C57E281FAB8B7200616666 /* CAShapeLayerDemoTests.xctest */;
			productType = "com.apple.product-type.bundle.unit-test";
		};
		85C57E321FAB8B7200616666 /* CAShapeLayerDemoUITests */ = {
			isa = PBXNativeTarget;
			buildConfigurationList = 85C57E421FAB8B7200616666 /* Build configuration list for PBXNativeTarget "CAShapeLayerDemoUITests" */;
			buildPhases = (
				85C57E2F1FAB8B7200616666 /* Sources */,
				85C57E301FAB8B7200616666 /* Frameworks */,
				85C57E311FAB8B7200616666 /* Resources */,
			);
			buildRules = (
			);
			dependencies = (
				85C57E351FAB8B7200616666 /* PBXTargetDependency */,
			);
			name = CAShapeLayerDemoUITests;
			productName = CAShapeLayerDemoUITests;
			productReference = 85C57E331FAB8B7200616666 /* CAShapeLayerDemoUITests.xctest */;
			productType = "com.apple.product-type.bundle.ui-testing";
		};
/* End PBXNativeTarget section */

/* Begin PBXProject section */
		85C57E091FAB8B7200616666 /* Project object */ = {
			isa = PBXProject;
			attributes = {
				LastSwiftUpdateCheck = 0820;
				LastUpgradeCheck = 0820;
				ORGANIZATIONNAME = com.guoshuobigdata.dev;
				TargetAttributes = {
					85C57E101FAB8B7200616666 = {
						CreatedOnToolsVersion = 8.2.1;
						DevelopmentTeam = 5TG72LL86M;
						ProvisioningStyle = Automatic;
					};
					85C57E271FAB8B7200616666 = {
						CreatedOnToolsVersion = 8.2.1;
						ProvisioningStyle = Automatic;
						TestTargetID = 85C57E101FAB8B7200616666;
					};
					85C57E321FAB8B7200616666 = {
						CreatedOnToolsVersion = 8.2.1;
						ProvisioningStyle = Automatic;
						TestTargetID = 85C57E101FAB8B7200616666;
					};
				};
			};
			buildConfigurationList = 85C57E0C1FAB8B7200616666 /* Build configuration list for PBXProject "CAShapeLayerDemo" */;
			compatibilityVersion = "Xcode 3.2";
			developmentRegion = English;
			hasScannedForEncodings = 0;
			knownRegions = (
				en,
				Base,
			);
			mainGroup = 85C57E081FAB8B7200616666;
			productRefGroup = 85C57E121FAB8B7200616666 /* Products */;
			projectDirPath = "";
			projectRoot = "";
			targets = (
				85C57E101FAB8B7200616666 /* CAShapeLayerDemo */,
				85C57E271FAB8B7200616666 /* CAShapeLayerDemoTests */,
				85C57E321FAB8B7200616666 /* CAShapeLayerDemoUITests */,
			);
		};
/* End PBXProject section */

/* Begin PBXResourcesBuildPhase section */
		85C57E0F1FAB8B7200616666 /* Resources */ = {
			isa = PBXResourcesBuildPhase;
			buildActionMask = 2147483647;
			files = (
				85C57E221FAB8B7200616666 /* LaunchScreen.storyboard in Resources */,
				85C57E1F1FAB8B7200616666 /* Assets.xcassets in Resources */,
				85C57E1A1FAB8B7200616666 /* Main.storyboard in Resources */,
			);
			runOnlyForDeploymentPostprocessing = 0;
		};
		85C57E261FAB8B7200616666 /* Resources */ = {
			isa = PBXResourcesBuildPhase;
			buildActionMask = 2147483647;
			files = (
			);
			runOnlyForDeploymentPostprocessing = 0;
		};
		85C57E311FAB8B7200616666 /* Resources */ = {
			isa = PBXResourcesBuildPhase;
			buildActionMask = 2147483647;
			files = (
			);
			runOnlyForDeploymentPostprocessing = 0;
		};
/* End PBXResourcesBuildPhase section */

/* Begin PBXSourcesBuildPhase section */
		85C57E0D1FAB8B7200616666 /* Sources */ = {
			isa = PBXSourcesBuildPhase;
			buildActionMask = 2147483647;
			files = (
				85C57E171FAB8B7200616666 /* ViewController.swift in Sources */,
				85C57E1D1FAB8B7200616666 /* CAShapeLayerDemo.xcdatamodeld in Sources */,
				85C57E151FAB8B7200616666 /* AppDelegate.swift in Sources */,
			);
			runOnlyForDeploymentPostprocessing = 0;
		};
		85C57E241FAB8B7200616666 /* Sources */ = {
			isa = PBXSourcesBuildPhase;
			buildActionMask = 2147483647;
			files = (
				85C57E2D1FAB8B7200616666 /* CAShapeLayerDemoTests.swift in Sources */,
			);
			runOnlyForDeploymentPostprocessing = 0;
		};
		85C57E2F1FAB8B7200616666 /* Sources */ = {
			isa = PBXSourcesBuildPhase;
			buildActionMask = 2147483647;
			files = (
				85C57E381FAB8B7200616666 /* CAShapeLayerDemoUITests.swift in Sources */,
			);
			runOnlyForDeploymentPostprocessing = 0;
		};
/* End PBXSourcesBuildPhase section */

/* Begin PBXTargetDependency section */
		85C57E2A1FAB8B7200616666 /* PBXTargetDependency */ = {
			isa = PBXTargetDependency;
			target = 85C57E101FAB8B7200616666 /* CAShapeLayerDemo */;
			targetProxy = 85C57E291FAB8B7200616666 /* PBXContainerItemProxy */;
		};
		85C57E351FAB8B7200616666 /* PBXTargetDependency */ = {
			isa = PBXTargetDependency;
			target = 85C57E101FAB8B7200616666 /* CAShapeLayerDemo */;
			targetProxy = 85C57E341FAB8B7200616666 /* PBXContainerItemProxy */;
		};
/* End PBXTargetDependency section */

/* Begin PBXVariantGroup section */
		85C57E181FAB8B7200616666 /* Main.storyboard */ = {
			isa = PBXVariantGroup;
			children = (
				85C57E191FAB8B7200616666 /* Base */,
			);
			name = Main.storyboard;
			sourceTree = "<group>";
		};
		85C57E201FAB8B7200616666 /* LaunchScreen.storyboard */ = {
			isa = PBXVariantGroup;
			children = (
				85C57E211FAB8B7200616666 /* Base */,
			);
			name = LaunchScreen.storyboard;
			sourceTree = "<group>";
		};
/* End PBXVariantGroup section */

/* Begin XCBuildConfiguration section */
		85C57E3A1FAB8B7200616666 /* Debug */ = {
			isa = XCBuildConfiguration;
			buildSettings = {
				ALWAYS_SEARCH_USER_PATHS = NO;
				CLANG_ANALYZER_NONNULL = YES;
				CLANG_CXX_LANGUAGE_STANDARD = "gnu++0x";
				CLANG_CXX_LIBRARY = "libc++";
				CLANG_ENABLE_MODULES = YES;
				CLANG_ENABLE_OBJC_ARC = YES;
				CLANG_WARN_BOOL_CONVERSION = YES;
				CLANG_WARN_CONSTANT_CONVERSION = YES;
				CLANG_WARN_DIRECT_OBJC_ISA_USAGE = YES_ERROR;
				CLANG_WARN_DOCUMENTATION_COMMENTS = YES;
				CLANG_WARN_EMPTY_BODY = YES;
				CLANG_WARN_ENUM_CONVERSION = YES;
				CLANG_WARN_INFINITE_RECURSION = YES;
				CLANG_WARN_INT_CONVERSION = YES;
				CLANG_WARN_OBJC_ROOT_CLASS = YES_ERROR;
				CLANG_WARN_SUSPICIOUS_MOVE = YES;
				CLANG_WARN_UNREACHABLE_CODE = YES;
				CLANG_WARN__DUPLICATE_METHOD_MATCH = YES;
				"CODE_SIGN_IDENTITY[sdk=iphoneos*]" = "iPhone Developer";
				COPY_PHASE_STRIP = NO;
				DEBUG_INFORMATION_FORMAT = dwarf;
				ENABLE_STRICT_OBJC_MSGSEND = YES;
				ENABLE_TESTABILITY = YES;
				GCC_C_LANGUAGE_STANDARD = gnu99;
				GCC_DYNAMIC_NO_PIC = NO;
				GCC_NO_COMMON_BLOCKS = YES;
				GCC_OPTIMIZATION_LEVEL = 0;
				GCC_PREPROCESSOR_DEFINITIONS = (
					"DEBUG=1",
					"$(inherited)",
				);
				GCC_WARN_64_TO_32_BIT_CONVERSION = YES;
				GCC_WARN_ABOUT_RETURN_TYPE = YES_ERROR;
				GCC_WARN_UNDECLARED_SELECTOR = YES;
				GCC_WARN_UNINITIALIZED_AUTOS = YES_AGGRESSIVE;
				GCC_WARN_UNUSED_FUNCTION = YES;
				GCC_WARN_UNUSED_VARIABLE = YES;
				IPHONEOS_DEPLOYMENT_TARGET = 10.2;
				MTL_ENABLE_DEBUG_INFO = YES;
				ONLY_ACTIVE_ARCH = YES;
				SDKROOT = iphoneos;
				SWIFT_ACTIVE_COMPILATION_CONDITIONS = DEBUG;
				SWIFT_OPTIMIZATION_LEVEL = "-Onone";
				TARGETED_DEVICE_FAMILY = "1,2";
			};
			name = Debug;
		};
		85C57E3B1FAB8B7200616666 /* Release */ = {
			isa = XCBuildConfiguration;
			buildSettings = {
				ALWAYS_SEARCH_USER_PATHS = NO;
				CLANG_ANALYZER_NONNULL = YES;
				CLANG_CXX_LANGUAGE_STANDARD = "gnu++0x";
				CLANG_CXX_LIBRARY = "libc++";
				CLANG_ENABLE_MODULES = YES;
				CLANG_ENABLE_OBJC_ARC = YES;
				CLANG_WARN_BOOL_CONVERSION = YES;
				CLANG_WARN_CONSTANT_CONVERSION = YES;
				CLANG_WARN_DIRECT_OBJC_ISA_USAGE = YES_ERROR;
				CLANG_WARN_DOCUMENTATION_COMMENTS = YES;
				CLANG_WARN_EMPTY_BODY = YES;
				CLANG_WARN_ENUM_CONVERSION = YES;
				CLANG_WARN_INFINITE_RECURSION = YES;
				CLANG_WARN_INT_CONVERSION = YES;
				CLANG_WARN_OBJC_ROOT_CLASS = YES_ERROR;
				CLANG_WARN_SUSPICIOUS_MOVE = YES;
				CLANG_WARN_UNREACHABLE_CODE = YES;
				CLANG_WARN__DUPLICATE_METHOD_MATCH = YES;
				"CODE_SIGN_IDENTITY[sdk=iphoneos*]" = "iPhone Developer";
				COPY_PHASE_STRIP = NO;
				DEBUG_INFORMATION_FORMAT = "dwarf-with-dsym";
				ENABLE_NS_ASSERTIONS = NO;
				ENABLE_STRICT_OBJC_MSGSEND = YES;
				GCC_C_LANGUAGE_STANDARD = gnu99;
				GCC_NO_COMMON_BLOCKS = YES;
				GCC_WARN_64_TO_32_BIT_CONVERSION = YES;
				GCC_WARN_ABOUT_RETURN_TYPE = YES_ERROR;
				GCC_WARN_UNDECLARED_SELECTOR = YES;
				GCC_WARN_UNINITIALIZED_AUTOS = YES_AGGRESSIVE;
				GCC_WARN_UNUSED_FUNCTION = YES;
				GCC_WARN_UNUSED_VARIABLE = YES;
				IPHONEOS_DEPLOYMENT_TARGET = 10.2;
				MTL_ENABLE_DEBUG_INFO = NO;
				SDKROOT = iphoneos;
				SWIFT_OPTIMIZATION_LEVEL = "-Owholemodule";
				TARGETED_DEVICE_FAMILY = "1,2";
				VALIDATE_PRODUCT = YES;
			};
			name = Release;
		};
		85C57E3D1FAB8B7200616666 /* Debug */ = {
			isa = XCBuildConfiguration;
			buildSettings = {
				ASSETCATALOG_COMPILER_APPICON_NAME = AppIcon;
				DEVELOPMENT_TEAM = 5TG72LL86M;
				INFOPLIST_FILE = CAShapeLayerDemo/Info.plist;
				LD_RUNPATH_SEARCH_PATHS = "$(inherited) @executable_path/Frameworks";
				PRODUCT_BUNDLE_IDENTIFIER = com.guoshuobigdata.CAShapeLayerDemo;
				PRODUCT_NAME = "$(TARGET_NAME)";
				SWIFT_VERSION = 3.0;
			};
			name = Debug;
		};
		85C57E3E1FAB8B7200616666 /* Release */ = {
			isa = XCBuildConfiguration;
			buildSettings = {
				ASSETCATALOG_COMPILER_APPICON_NAME = AppIcon;
				DEVELOPMENT_TEAM = 5TG72LL86M;
				INFOPLIST_FILE = CAShapeLayerDemo/Info.plist;
				LD_RUNPATH_SEARCH_PATHS = "$(inherited) @executable_path/Frameworks";
				PRODUCT_BUNDLE_IDENTIFIER = com.guoshuobigdata.CAShapeLayerDemo;
				PRODUCT_NAME = "$(TARGET_NAME)";
				SWIFT_VERSION = 3.0;
			};
			name = Release;
		};
		85C57E401FAB8B7200616666 /* Debug */ = {
			isa = XCBuildConfiguration;
			buildSettings = {
				ALWAYS_EMBED_SWIFT_STANDARD_LIBRARIES = YES;
				BUNDLE_LOADER = "$(TEST_HOST)";
				INFOPLIST_FILE = CAShapeLayerDemoTests/Info.plist;
				LD_RUNPATH_SEARCH_PATHS = "$(inherited) @executable_path/Frameworks @loader_path/Frameworks";
				PRODUCT_BUNDLE_IDENTIFIER = com.guoshuobigdata.CAShapeLayerDemoTests;
				PRODUCT_NAME = "$(TARGET_NAME)";
				SWIFT_VERSION = 3.0;
				TEST_HOST = "$(BUILT_PRODUCTS_DIR)/CAShapeLayerDemo.app/CAShapeLayerDemo";
			};
			name = Debug;
		};
		85C57E411FAB8B7200616666 /* Release */ = {
			isa = XCBuildConfiguration;
			buildSettings = {
				ALWAYS_EMBED_SWIFT_STANDARD_LIBRARIES = YES;
				BUNDLE_LOADER = "$(TEST_HOST)";
				INFOPLIST_FILE = CAShapeLayerDemoTests/Info.plist;
				LD_RUNPATH_SEARCH_PATHS = "$(inherited) @executable_path/Frameworks @loader_path/Frameworks";
				PRODUCT_BUNDLE_IDENTIFIER = com.guoshuobigdata.CAShapeLayerDemoTests;
				PRODUCT_NAME = "$(TARGET_NAME)";
				SWIFT_VERSION = 3.0;
				TEST_HOST = "$(BUILT_PRODUCTS_DIR)/CAShapeLayerDemo.app/CAShapeLayerDemo";
			};
			name = Release;
		};
		85C57E431FAB8B7200616666 /* Debug */ = {
			isa = XCBuildConfiguration;
			buildSettings = {
				ALWAYS_EMBED_SWIFT_STANDARD_LIBRARIES = YES;
				INFOPLIST_FILE = CAShapeLayerDemoUITests/Info.plist;
				LD_RUNPATH_SEARCH_PATHS = "$(inherited) @executable_path/Frameworks @loader_path/Frameworks";
				PRODUCT_BUNDLE_IDENTIFIER = com.guoshuobigdata.CAShapeLayerDemoUITests;
				PRODUCT_NAME = "$(TARGET_NAME)";
				SWIFT_VERSION = 3.0;
				TEST_TARGET_NAME = CAShapeLayerDemo;
			};
			name = Debug;
		};
		85C57E441FAB8B7200616666 /* Release */ = {
			isa = XCBuildConfiguration;
			buildSettings = {
				ALWAYS_EMBED_SWIFT_STANDARD_LIBRARIES = YES;
				INFOPLIST_FILE = CAShapeLayerDemoUITests/Info.plist;
				LD_RUNPATH_SEARCH_PATHS = "$(inherited) @executable_path/Frameworks @loader_path/Frameworks";
				PRODUCT_BUNDLE_IDENTIFIER = com.guoshuobigdata.CAShapeLayerDemoUITests;
				PRODUCT_NAME = "$(TARGET_NAME)";
				SWIFT_VERSION = 3.0;
				TEST_TARGET_NAME = CAShapeLayerDemo;
			};
			name = Release;
		};
/* End XCBuildConfiguration section */

/* Begin XCConfigurationList section */
		85C57E0C1FAB8B7200616666 /* Build configuration list for PBXProject "CAShapeLayerDemo" */ = {
			isa = XCConfigurationList;
			buildConfigurations = (
				85C57E3A1FAB8B7200616666 /* Debug */,
				85C57E3B1FAB8B7200616666 /* Release */,
			);
			defaultConfigurationIsVisible = 0;
			defaultConfigurationName = Release;
		};
		85C57E3C1FAB8B7200616666 /* Build configuration list for PBXNativeTarget "CAShapeLayerDemo" */ = {
			isa = XCConfigurationList;
			buildConfigurations = (
				85C57E3D1FAB8B7200616666 /* Debug */,
				85C57E3E1FAB8B7200616666 /* Release */,
			);
			defaultConfigurationIsVisible = 0;
			defaultConfigurationName = Release;
		};
		85C57E3F1FAB8B7200616666 /* Build configuration list for PBXNativeTarget "CAShapeLayerDemoTests" */ = {
			isa = XCConfigurationList;
			buildConfigurations = (
				85C57E401FAB8B7200616666 /* Debug */,
				85C57E411FAB8B7200616666 /* Release */,
			);
			defaultConfigurationIsVisible = 0;
			defaultConfigurationName = Release;
		};
		85C57E421FAB8B7200616666 /* Build configuration list for PBXNativeTarget "CAShapeLayerDemoUITests" */ = {
			isa = XCConfigurationList;
			buildConfigurations = (
				85C57E431FAB8B7200616666 /* Debug */,
				85C57E441FAB8B7200616666 /* Release */,
			);
			defaultConfigurationIsVisible = 0;
			defaultConfigurationName = Release;
		};
/* End XCConfigurationList section */

/* Begin XCVersionGroup section */
		85C57E1B1FAB8B7200616666 /* CAShapeLayerDemo.xcdatamodeld */ = {
			isa = XCVersionGroup;
			children = (
				85C57E1C1FAB8B7200616666 /* CAShapeLayerDemo.xcdatamodel */,
			);
			currentVersion = 85C57E1C1FAB8B7200616666 /* CAShapeLayerDemo.xcdatamodel */;
			path = CAShapeLayerDemo.xcdatamodeld;
			sourceTree = "<group>";
			versionGroupType = wrapper.xcdatamodel;
		};
/* End XCVersionGroup section */
	};
	rootObject = 85C57E091FAB8B7200616666 /* Project object */;
}
